// !$*UTF8*$!
{
	archiveVersion = 1;
	classes = {
	};
	objectVersion = 50;
	objects = {

/* Begin PBXBuildFile section */
		842C0E89264AE72D00BC1890 /* AppDelegate.swift in Sources */ = {isa = PBXBuildFile; fileRef = 842C0E88264AE72D00BC1890 /* AppDelegate.swift */; };
		842C0E8B264AE72D00BC1890 /* SceneDelegate.swift in Sources */ = {isa = PBXBuildFile; fileRef = 842C0E8A264AE72D00BC1890 /* SceneDelegate.swift */; };
		842C0E8F264AE73000BC1890 /* Assets.xcassets in Resources */ = {isa = PBXBuildFile; fileRef = 842C0E8E264AE73000BC1890 /* Assets.xcassets */; };
		842C0E92264AE73000BC1890 /* Preview Assets.xcassets in Resources */ = {isa = PBXBuildFile; fileRef = 842C0E91264AE73000BC1890 /* Preview Assets.xcassets */; };
		842C0E95264AE73000BC1890 /* LaunchScreen.storyboard in Resources */ = {isa = PBXBuildFile; fileRef = 842C0E93264AE73000BC1890 /* LaunchScreen.storyboard */; };
		842C0EA9264C40F700BC1890 /* TvShowModel.swift in Sources */ = {isa = PBXBuildFile; fileRef = 842C0EA8264C40F700BC1890 /* TvShowModel.swift */; };
		84406139264F0BCD0002366B /* ListViewModel.swift in Sources */ = {isa = PBXBuildFile; fileRef = 84406138264F0BCD0002366B /* ListViewModel.swift */; };
		8440613C264F0BFD0002366B /* NetworkImageViewModel.swift in Sources */ = {isa = PBXBuildFile; fileRef = 8440613B264F0BFD0002366B /* NetworkImageViewModel.swift */; };
		84406142264F0D960002366B /* UIScreen+Extension.swift in Sources */ = {isa = PBXBuildFile; fileRef = 84406141264F0D960002366B /* UIScreen+Extension.swift */; };
		84406145264F0DDF0002366B /* String+Extension.swift in Sources */ = {isa = PBXBuildFile; fileRef = 84406144264F0DDF0002366B /* String+Extension.swift */; };
		8443F72A2656BF4400F5569E /* ContentView.swift in Sources */ = {isa = PBXBuildFile; fileRef = 8443F7292656BF4400F5569E /* ContentView.swift */; };
		8443F72D265725AA00F5569E /* MapView.swift in Sources */ = {isa = PBXBuildFile; fileRef = 8443F72C265725AA00F5569E /* MapView.swift */; };
		8443F730265725B400F5569E /* VideoListView.swift in Sources */ = {isa = PBXBuildFile; fileRef = 8443F72F265725B400F5569E /* VideoListView.swift */; };
		8443F733265725BC00F5569E /* CoverListView.swift in Sources */ = {isa = PBXBuildFile; fileRef = 8443F732265725BC00F5569E /* CoverListView.swift */; };
		8443F739265725CD00F5569E /* LocationModel.swift in Sources */ = {isa = PBXBuildFile; fileRef = 8443F738265725CD00F5569E /* LocationModel.swift */; };
		8443F73C265725D500F5569E /* VideoPlayerView.swift in Sources */ = {isa = PBXBuildFile; fileRef = 8443F73B265725D500F5569E /* VideoPlayerView.swift */; };
		8443F73F265725DD00F5569E /* MapAnnotationView.swift in Sources */ = {isa = PBXBuildFile; fileRef = 8443F73E265725DD00F5569E /* MapAnnotationView.swift */; };
		8443F742265725E500F5569E /* VideoListItemView.swift in Sources */ = {isa = PBXBuildFile; fileRef = 8443F741265725E500F5569E /* VideoListItemView.swift */; };
		8445ACCF265802270029BBA5 /* giraffe.mp4 in Resources */ = {isa = PBXBuildFile; fileRef = 8445ACC5265802270029BBA5 /* giraffe.mp4 */; };
		8445ACD0265802270029BBA5 /* ostrich.mp4 in Resources */ = {isa = PBXBuildFile; fileRef = 8445ACC6265802270029BBA5 /* ostrich.mp4 */; };
		8445ACD1265802270029BBA5 /* zebra.mp4 in Resources */ = {isa = PBXBuildFile; fileRef = 8445ACC7265802270029BBA5 /* zebra.mp4 */; };
		8445ACD2265802270029BBA5 /* hippo.mp4 in Resources */ = {isa = PBXBuildFile; fileRef = 8445ACC8265802270029BBA5 /* hippo.mp4 */; };
		8445ACD3265802270029BBA5 /* cheetah.mp4 in Resources */ = {isa = PBXBuildFile; fileRef = 8445ACC9265802270029BBA5 /* cheetah.mp4 */; };
		8445ACD4265802270029BBA5 /* gorilla.mp4 in Resources */ = {isa = PBXBuildFile; fileRef = 8445ACCA265802270029BBA5 /* gorilla.mp4 */; };
		8445ACD5265802270029BBA5 /* elephant.mp4 in Resources */ = {isa = PBXBuildFile; fileRef = 8445ACCB265802270029BBA5 /* elephant.mp4 */; };
		8445ACD6265802270029BBA5 /* lioness.mp4 in Resources */ = {isa = PBXBuildFile; fileRef = 8445ACCC265802270029BBA5 /* lioness.mp4 */; };
		8445ACD7265802270029BBA5 /* lion.mp4 in Resources */ = {isa = PBXBuildFile; fileRef = 8445ACCD265802270029BBA5 /* lion.mp4 */; };
		8445ACD8265802270029BBA5 /* rhino.mp4 in Resources */ = {isa = PBXBuildFile; fileRef = 8445ACCE265802270029BBA5 /* rhino.mp4 */; };
		8445ACDD265802750029BBA5 /* locations.json in Resources */ = {isa = PBXBuildFile; fileRef = 8445ACDB265802750029BBA5 /* locations.json */; };
		8445ACDE265802750029BBA5 /* videos.json in Resources */ = {isa = PBXBuildFile; fileRef = 8445ACDC265802750029BBA5 /* videos.json */; };
		8445ACE42658038C0029BBA5 /* Bundle+Extension.swift in Sources */ = {isa = PBXBuildFile; fileRef = 8445ACE32658038C0029BBA5 /* Bundle+Extension.swift */; };
		8445ACEB265804DF0029BBA5 /* VideoModel.swift in Sources */ = {isa = PBXBuildFile; fileRef = 8445ACEA265804DF0029BBA5 /* VideoModel.swift */; };
		8445ACF3265811800029BBA5 /* VideoPlayerControlsView.swift in Sources */ = {isa = PBXBuildFile; fileRef = 8445ACF2265811800029BBA5 /* VideoPlayerControlsView.swift */; };
		8445ACF726583A0C0029BBA5 /* CustomVideoPlayerView.swift in Sources */ = {isa = PBXBuildFile; fileRef = 8445ACF626583A0C0029BBA5 /* CustomVideoPlayerView.swift */; };
		8445ACFC26583FAF0029BBA5 /* CustomProgressBar.swift in Sources */ = {isa = PBXBuildFile; fileRef = 8445ACFB26583FAF0029BBA5 /* CustomProgressBar.swift */; };
		8445ACFF265845190029BBA5 /* CustomVideoPlayerHelper.swift in Sources */ = {isa = PBXBuildFile; fileRef = 8445ACFE265845190029BBA5 /* CustomVideoPlayerHelper.swift */; };
		8447DA4E26542F62004E7B41 /* TvShowDetailsView.swift in Sources */ = {isa = PBXBuildFile; fileRef = 8447DA4D26542F62004E7B41 /* TvShowDetailsView.swift */; };
		8447DA5326543034004E7B41 /* TvShowHeaderView.swift in Sources */ = {isa = PBXBuildFile; fileRef = 8447DA5226543034004E7B41 /* TvShowHeaderView.swift */; };
		8447DA56265431C0004E7B41 /* TvShowRowView.swift in Sources */ = {isa = PBXBuildFile; fileRef = 8447DA55265431C0004E7B41 /* TvShowRowView.swift */; };
		8447DA59265433EF004E7B41 /* SettingsView.swift in Sources */ = {isa = PBXBuildFile; fileRef = 8447DA58265433EF004E7B41 /* SettingsView.swift */; };
		8447DA5D265435F4004E7B41 /* SettingsLabelView.swift in Sources */ = {isa = PBXBuildFile; fileRef = 8447DA5C265435F4004E7B41 /* SettingsLabelView.swift */; };
		8447DA612654370A004E7B41 /* SettingsRowView.swift in Sources */ = {isa = PBXBuildFile; fileRef = 8447DA602654370A004E7B41 /* SettingsRowView.swift */; };
		8447DA6726543A03004E7B41 /* ForEach+Extension.swift in Sources */ = {isa = PBXBuildFile; fileRef = 8447DA6626543A03004E7B41 /* ForEach+Extension.swift */; };
		8447DA6C26543FD3004E7B41 /* TextView.swift in Sources */ = {isa = PBXBuildFile; fileRef = 8447DA6B26543FD3004E7B41 /* TextView.swift */; };
		8447DA70265446D7004E7B41 /* MainView.swift in Sources */ = {isa = PBXBuildFile; fileRef = 8447DA6F265446D7004E7B41 /* MainView.swift */; };
/* End PBXBuildFile section */

/* Begin PBXFileReference section */
		842C0E85264AE72D00BC1890 /* SwiftUIApp.app */ = {isa = PBXFileReference; explicitFileType = wrapper.application; includeInIndex = 0; path = SwiftUIApp.app; sourceTree = BUILT_PRODUCTS_DIR; };
		842C0E88264AE72D00BC1890 /* AppDelegate.swift */ = {isa = PBXFileReference; lastKnownFileType = sourcecode.swift; path = AppDelegate.swift; sourceTree = "<group>"; };
		842C0E8A264AE72D00BC1890 /* SceneDelegate.swift */ = {isa = PBXFileReference; lastKnownFileType = sourcecode.swift; path = SceneDelegate.swift; sourceTree = "<group>"; };
		842C0E8E264AE73000BC1890 /* Assets.xcassets */ = {isa = PBXFileReference; lastKnownFileType = folder.assetcatalog; path = Assets.xcassets; sourceTree = "<group>"; };
		842C0E91264AE73000BC1890 /* Preview Assets.xcassets */ = {isa = PBXFileReference; lastKnownFileType = folder.assetcatalog; path = "Preview Assets.xcassets"; sourceTree = "<group>"; };
		842C0E94264AE73000BC1890 /* Base */ = {isa = PBXFileReference; lastKnownFileType = file.storyboard; name = Base; path = Base.lproj/LaunchScreen.storyboard; sourceTree = "<group>"; };
		842C0E96264AE73000BC1890 /* Info.plist */ = {isa = PBXFileReference; lastKnownFileType = text.plist.xml; path = Info.plist; sourceTree = "<group>"; };
		842C0EA8264C40F700BC1890 /* TvShowModel.swift */ = {isa = PBXFileReference; lastKnownFileType = sourcecode.swift; path = TvShowModel.swift; sourceTree = "<group>"; };
		84406138264F0BCD0002366B /* ListViewModel.swift */ = {isa = PBXFileReference; lastKnownFileType = sourcecode.swift; path = ListViewModel.swift; sourceTree = "<group>"; };
		8440613B264F0BFD0002366B /* NetworkImageViewModel.swift */ = {isa = PBXFileReference; lastKnownFileType = sourcecode.swift; path = NetworkImageViewModel.swift; sourceTree = "<group>"; };
		84406141264F0D960002366B /* UIScreen+Extension.swift */ = {isa = PBXFileReference; lastKnownFileType = sourcecode.swift; path = "UIScreen+Extension.swift"; sourceTree = "<group>"; };
		84406144264F0DDF0002366B /* String+Extension.swift */ = {isa = PBXFileReference; lastKnownFileType = sourcecode.swift; path = "String+Extension.swift"; sourceTree = "<group>"; };
		8443F7292656BF4400F5569E /* ContentView.swift */ = {isa = PBXFileReference; lastKnownFileType = sourcecode.swift; path = ContentView.swift; sourceTree = "<group>"; };
		8443F72C265725AA00F5569E /* MapView.swift */ = {isa = PBXFileReference; lastKnownFileType = sourcecode.swift; path = MapView.swift; sourceTree = "<group>"; };
		8443F72F265725B400F5569E /* VideoListView.swift */ = {isa = PBXFileReference; lastKnownFileType = sourcecode.swift; path = VideoListView.swift; sourceTree = "<group>"; };
		8443F732265725BC00F5569E /* CoverListView.swift */ = {isa = PBXFileReference; lastKnownFileType = sourcecode.swift; path = CoverListView.swift; sourceTree = "<group>"; };
		8443F738265725CD00F5569E /* LocationModel.swift */ = {isa = PBXFileReference; lastKnownFileType = sourcecode.swift; path = LocationModel.swift; sourceTree = "<group>"; };
		8443F73B265725D500F5569E /* VideoPlayerView.swift */ = {isa = PBXFileReference; lastKnownFileType = sourcecode.swift; path = VideoPlayerView.swift; sourceTree = "<group>"; };
		8443F73E265725DD00F5569E /* MapAnnotationView.swift */ = {isa = PBXFileReference; lastKnownFileType = sourcecode.swift; path = MapAnnotationView.swift; sourceTree = "<group>"; };
		8443F741265725E500F5569E /* VideoListItemView.swift */ = {isa = PBXFileReference; lastKnownFileType = sourcecode.swift; path = VideoListItemView.swift; sourceTree = "<group>"; };
		8445ACC5265802270029BBA5 /* giraffe.mp4 */ = {isa = PBXFileReference; lastKnownFileType = file; path = giraffe.mp4; sourceTree = "<group>"; };
		8445ACC6265802270029BBA5 /* ostrich.mp4 */ = {isa = PBXFileReference; lastKnownFileType = file; path = ostrich.mp4; sourceTree = "<group>"; };
		8445ACC7265802270029BBA5 /* zebra.mp4 */ = {isa = PBXFileReference; lastKnownFileType = file; path = zebra.mp4; sourceTree = "<group>"; };
		8445ACC8265802270029BBA5 /* hippo.mp4 */ = {isa = PBXFileReference; lastKnownFileType = file; path = hippo.mp4; sourceTree = "<group>"; };
		8445ACC9265802270029BBA5 /* cheetah.mp4 */ = {isa = PBXFileReference; lastKnownFileType = file; path = cheetah.mp4; sourceTree = "<group>"; };
		8445ACCA265802270029BBA5 /* gorilla.mp4 */ = {isa = PBXFileReference; lastKnownFileType = file; path = gorilla.mp4; sourceTree = "<group>"; };
		8445ACCB265802270029BBA5 /* elephant.mp4 */ = {isa = PBXFileReference; lastKnownFileType = file; path = elephant.mp4; sourceTree = "<group>"; };
		8445ACCC265802270029BBA5 /* lioness.mp4 */ = {isa = PBXFileReference; lastKnownFileType = file; path = lioness.mp4; sourceTree = "<group>"; };
		8445ACCD265802270029BBA5 /* lion.mp4 */ = {isa = PBXFileReference; lastKnownFileType = file; path = lion.mp4; sourceTree = "<group>"; };
		8445ACCE265802270029BBA5 /* rhino.mp4 */ = {isa = PBXFileReference; lastKnownFileType = file; path = rhino.mp4; sourceTree = "<group>"; };
		8445ACDB265802750029BBA5 /* locations.json */ = {isa = PBXFileReference; fileEncoding = 4; lastKnownFileType = text.json; path = locations.json; sourceTree = "<group>"; };
		8445ACDC265802750029BBA5 /* videos.json */ = {isa = PBXFileReference; fileEncoding = 4; lastKnownFileType = text.json; path = videos.json; sourceTree = "<group>"; };
		8445ACE32658038C0029BBA5 /* Bundle+Extension.swift */ = {isa = PBXFileReference; lastKnownFileType = sourcecode.swift; path = "Bundle+Extension.swift"; sourceTree = "<group>"; };
		8445ACEA265804DF0029BBA5 /* VideoModel.swift */ = {isa = PBXFileReference; lastKnownFileType = sourcecode.swift; path = VideoModel.swift; sourceTree = "<group>"; };
		8445ACF2265811800029BBA5 /* VideoPlayerControlsView.swift */ = {isa = PBXFileReference; lastKnownFileType = sourcecode.swift; path = VideoPlayerControlsView.swift; sourceTree = "<group>"; };
		8445ACF626583A0C0029BBA5 /* CustomVideoPlayerView.swift */ = {isa = PBXFileReference; lastKnownFileType = sourcecode.swift; path = CustomVideoPlayerView.swift; sourceTree = "<group>"; };
		8445ACFB26583FAF0029BBA5 /* CustomProgressBar.swift */ = {isa = PBXFileReference; lastKnownFileType = sourcecode.swift; path = CustomProgressBar.swift; sourceTree = "<group>"; };
		8445ACFE265845190029BBA5 /* CustomVideoPlayerHelper.swift */ = {isa = PBXFileReference; lastKnownFileType = sourcecode.swift; path = CustomVideoPlayerHelper.swift; sourceTree = "<group>"; };
		8447DA4D26542F62004E7B41 /* TvShowDetailsView.swift */ = {isa = PBXFileReference; lastKnownFileType = sourcecode.swift; path = TvShowDetailsView.swift; sourceTree = "<group>"; };
		8447DA5226543034004E7B41 /* TvShowHeaderView.swift */ = {isa = PBXFileReference; lastKnownFileType = sourcecode.swift; path = TvShowHeaderView.swift; sourceTree = "<group>"; };
		8447DA55265431C0004E7B41 /* TvShowRowView.swift */ = {isa = PBXFileReference; lastKnownFileType = sourcecode.swift; path = TvShowRowView.swift; sourceTree = "<group>"; };
		8447DA58265433EF004E7B41 /* SettingsView.swift */ = {isa = PBXFileReference; lastKnownFileType = sourcecode.swift; path = SettingsView.swift; sourceTree = "<group>"; };
		8447DA5C265435F4004E7B41 /* SettingsLabelView.swift */ = {isa = PBXFileReference; lastKnownFileType = sourcecode.swift; path = SettingsLabelView.swift; sourceTree = "<group>"; };
		8447DA602654370A004E7B41 /* SettingsRowView.swift */ = {isa = PBXFileReference; lastKnownFileType = sourcecode.swift; path = SettingsRowView.swift; sourceTree = "<group>"; };
		8447DA6626543A03004E7B41 /* ForEach+Extension.swift */ = {isa = PBXFileReference; lastKnownFileType = sourcecode.swift; path = "ForEach+Extension.swift"; sourceTree = "<group>"; };
		8447DA6B26543FD3004E7B41 /* TextView.swift */ = {isa = PBXFileReference; lastKnownFileType = sourcecode.swift; path = TextView.swift; sourceTree = "<group>"; };
		8447DA6F265446D7004E7B41 /* MainView.swift */ = {isa = PBXFileReference; lastKnownFileType = sourcecode.swift; path = MainView.swift; sourceTree = "<group>"; };
/* End PBXFileReference section */

/* Begin PBXFrameworksBuildPhase section */
		842C0E82264AE72D00BC1890 /* Frameworks */ = {
			isa = PBXFrameworksBuildPhase;
			buildActionMask = 2147483647;
			files = (
			);
			runOnlyForDeploymentPostprocessing = 0;
		};
/* End PBXFrameworksBuildPhase section */

/* Begin PBXGroup section */
		842C0E7C264AE72D00BC1890 = {
			isa = PBXGroup;
			children = (
				842C0E87264AE72D00BC1890 /* SwiftUIApp */,
				842C0E86264AE72D00BC1890 /* Products */,
			);
			sourceTree = "<group>";
		};
		842C0E86264AE72D00BC1890 /* Products */ = {
			isa = PBXGroup;
			children = (
				842C0E85264AE72D00BC1890 /* SwiftUIApp.app */,
			);
			name = Products;
			sourceTree = "<group>";
		};
		842C0E87264AE72D00BC1890 /* SwiftUIApp */ = {
			isa = PBXGroup;
			children = (
				842C0E88264AE72D00BC1890 /* AppDelegate.swift */,
				842C0E8A264AE72D00BC1890 /* SceneDelegate.swift */,
				84406133264F0AF40002366B /* App */,
				8447DA5126542FA8004E7B41 /* Views */,
				84406135264F0B040002366B /* Model */,
				84406136264F0B1D0002366B /* ViewModel */,
				8440613F264F0D650002366B /* Extensions */,
				84406140264F0D7B0002366B /* Helpers */,
				842C0E8E264AE73000BC1890 /* Assets.xcassets */,
				842C0E96264AE73000BC1890 /* Info.plist */,
				842C0E93264AE73000BC1890 /* LaunchScreen.storyboard */,
				8445ACDA265802750029BBA5 /* Data */,
				8445ACC4265802270029BBA5 /* Video */,
				842C0E90264AE73000BC1890 /* Preview Content */,
			);
			path = SwiftUIApp;
			sourceTree = "<group>";
		};
		842C0E90264AE73000BC1890 /* Preview Content */ = {
			isa = PBXGroup;
			children = (
				842C0E91264AE73000BC1890 /* Preview Assets.xcassets */,
			);
			path = "Preview Content";
			sourceTree = "<group>";
		};
		84406133264F0AF40002366B /* App */ = {
			isa = PBXGroup;
			children = (
				8447DA6F265446D7004E7B41 /* MainView.swift */,
				8443F7292656BF4400F5569E /* ContentView.swift */,
				8443F732265725BC00F5569E /* CoverListView.swift */,
				8447DA4D26542F62004E7B41 /* TvShowDetailsView.swift */,
				8447DA58265433EF004E7B41 /* SettingsView.swift */,
				8443F72C265725AA00F5569E /* MapView.swift */,
				8443F72F265725B400F5569E /* VideoListView.swift */,
			);
			path = App;
			sourceTree = "<group>";
		};
		84406135264F0B040002366B /* Model */ = {
			isa = PBXGroup;
			children = (
				842C0EA8264C40F700BC1890 /* TvShowModel.swift */,
				8443F738265725CD00F5569E /* LocationModel.swift */,
				8445ACEA265804DF0029BBA5 /* VideoModel.swift */,
			);
			path = Model;
			sourceTree = "<group>";
		};
		84406136264F0B1D0002366B /* ViewModel */ = {
			isa = PBXGroup;
			children = (
				84406138264F0BCD0002366B /* ListViewModel.swift */,
				8440613B264F0BFD0002366B /* NetworkImageViewModel.swift */,
			);
			path = ViewModel;
			sourceTree = "<group>";
		};
		8440613F264F0D650002366B /* Extensions */ = {
			isa = PBXGroup;
			children = (
				84406141264F0D960002366B /* UIScreen+Extension.swift */,
				84406144264F0DDF0002366B /* String+Extension.swift */,
				8447DA6626543A03004E7B41 /* ForEach+Extension.swift */,
				8445ACE32658038C0029BBA5 /* Bundle+Extension.swift */,
			);
			path = Extensions;
			sourceTree = "<group>";
		};
		84406140264F0D7B0002366B /* Helpers */ = {
			isa = PBXGroup;
			children = (
				8445ACFE265845190029BBA5 /* CustomVideoPlayerHelper.swift */,
			);
			path = Helpers;
			sourceTree = "<group>";
		};
		8445ACC4265802270029BBA5 /* Video */ = {
			isa = PBXGroup;
			children = (
				8445ACC5265802270029BBA5 /* giraffe.mp4 */,
				8445ACC6265802270029BBA5 /* ostrich.mp4 */,
				8445ACC7265802270029BBA5 /* zebra.mp4 */,
				8445ACC8265802270029BBA5 /* hippo.mp4 */,
				8445ACC9265802270029BBA5 /* cheetah.mp4 */,
				8445ACCA265802270029BBA5 /* gorilla.mp4 */,
				8445ACCB265802270029BBA5 /* elephant.mp4 */,
				8445ACCC265802270029BBA5 /* lioness.mp4 */,
				8445ACCD265802270029BBA5 /* lion.mp4 */,
				8445ACCE265802270029BBA5 /* rhino.mp4 */,
			);
			path = Video;
			sourceTree = "<group>";
		};
		8445ACDA265802750029BBA5 /* Data */ = {
			isa = PBXGroup;
			children = (
				8445ACDB265802750029BBA5 /* locations.json */,
				8445ACDC265802750029BBA5 /* videos.json */,
			);
			path = Data;
			sourceTree = "<group>";
		};
		8447DA5126542FA8004E7B41 /* Views */ = {
			isa = PBXGroup;
			children = (
				8447DA5226543034004E7B41 /* TvShowHeaderView.swift */,
				8447DA55265431C0004E7B41 /* TvShowRowView.swift */,
				8447DA5C265435F4004E7B41 /* SettingsLabelView.swift */,
				8447DA602654370A004E7B41 /* SettingsRowView.swift */,
				8447DA6B26543FD3004E7B41 /* TextView.swift */,
				8443F73E265725DD00F5569E /* MapAnnotationView.swift */,
				8443F741265725E500F5569E /* VideoListItemView.swift */,
				8443F73B265725D500F5569E /* VideoPlayerView.swift */,
				8445ACF626583A0C0029BBA5 /* CustomVideoPlayerView.swift */,
				8445ACF2265811800029BBA5 /* VideoPlayerControlsView.swift */,
				8445ACFB26583FAF0029BBA5 /* CustomProgressBar.swift */,
			);
			path = Views;
			sourceTree = "<group>";
		};
/* End PBXGroup section */

/* Begin PBXNativeTarget section */
		842C0E84264AE72D00BC1890 /* SwiftUIApp */ = {
			isa = PBXNativeTarget;
			buildConfigurationList = 842C0E99264AE73000BC1890 /* Build configuration list for PBXNativeTarget "SwiftUIApp" */;
			buildPhases = (
				842C0E81264AE72D00BC1890 /* Sources */,
				842C0E82264AE72D00BC1890 /* Frameworks */,
				842C0E83264AE72D00BC1890 /* Resources */,
			);
			buildRules = (
			);
			dependencies = (
			);
			name = SwiftUIApp;
			productName = SwiftUIApp;
			productReference = 842C0E85264AE72D00BC1890 /* SwiftUIApp.app */;
			productType = "com.apple.product-type.application";
		};
/* End PBXNativeTarget section */

/* Begin PBXProject section */
		842C0E7D264AE72D00BC1890 /* Project object */ = {
			isa = PBXProject;
			attributes = {
				LastSwiftUpdateCheck = 1240;
				LastUpgradeCheck = 1240;
				TargetAttributes = {
					842C0E84264AE72D00BC1890 = {
						CreatedOnToolsVersion = 12.4;
					};
				};
			};
			buildConfigurationList = 842C0E80264AE72D00BC1890 /* Build configuration list for PBXProject "SwiftUIApp" */;
			compatibilityVersion = "Xcode 9.3";
			developmentRegion = en;
			hasScannedForEncodings = 0;
			knownRegions = (
				en,
				Base,
			);
			mainGroup = 842C0E7C264AE72D00BC1890;
			productRefGroup = 842C0E86264AE72D00BC1890 /* Products */;
			projectDirPath = "";
			projectRoot = "";
			targets = (
				842C0E84264AE72D00BC1890 /* SwiftUIApp */,
			);
		};
/* End PBXProject section */

/* Begin PBXResourcesBuildPhase section */
		842C0E83264AE72D00BC1890 /* Resources */ = {
			isa = PBXResourcesBuildPhase;
			buildActionMask = 2147483647;
			files = (
				8445ACDD265802750029BBA5 /* locations.json in Resources */,
				842C0E95264AE73000BC1890 /* LaunchScreen.storyboard in Resources */,
				8445ACDE265802750029BBA5 /* videos.json in Resources */,
				8445ACD7265802270029BBA5 /* lion.mp4 in Resources */,
				8445ACD6265802270029BBA5 /* lioness.mp4 in Resources */,
				8445ACD4265802270029BBA5 /* gorilla.mp4 in Resources */,
				842C0E92264AE73000BC1890 /* Preview Assets.xcassets in Resources */,
				8445ACD2265802270029BBA5 /* hippo.mp4 in Resources */,
				8445ACCF265802270029BBA5 /* giraffe.mp4 in Resources */,
				8445ACD8265802270029BBA5 /* rhino.mp4 in Resources */,
				8445ACD3265802270029BBA5 /* cheetah.mp4 in Resources */,
				8445ACD0265802270029BBA5 /* ostrich.mp4 in Resources */,
				8445ACD1265802270029BBA5 /* zebra.mp4 in Resources */,
				8445ACD5265802270029BBA5 /* elephant.mp4 in Resources */,
				842C0E8F264AE73000BC1890 /* Assets.xcassets in Resources */,
			);
			runOnlyForDeploymentPostprocessing = 0;
		};
/* End PBXResourcesBuildPhase section */

/* Begin PBXSourcesBuildPhase section */
		842C0E81264AE72D00BC1890 /* Sources */ = {
			isa = PBXSourcesBuildPhase;
			buildActionMask = 2147483647;
			files = (
				8447DA56265431C0004E7B41 /* TvShowRowView.swift in Sources */,
				84406145264F0DDF0002366B /* String+Extension.swift in Sources */,
				8447DA6726543A03004E7B41 /* ForEach+Extension.swift in Sources */,
				8445ACE42658038C0029BBA5 /* Bundle+Extension.swift in Sources */,
				8445ACEB265804DF0029BBA5 /* VideoModel.swift in Sources */,
				8443F730265725B400F5569E /* VideoListView.swift in Sources */,
				8445ACFF265845190029BBA5 /* CustomVideoPlayerHelper.swift in Sources */,
				8447DA612654370A004E7B41 /* SettingsRowView.swift in Sources */,
				84406139264F0BCD0002366B /* ListViewModel.swift in Sources */,
				842C0EA9264C40F700BC1890 /* TvShowModel.swift in Sources */,
				8447DA5326543034004E7B41 /* TvShowHeaderView.swift in Sources */,
				8440613C264F0BFD0002366B /* NetworkImageViewModel.swift in Sources */,
				842C0E89264AE72D00BC1890 /* AppDelegate.swift in Sources */,
				8445ACF726583A0C0029BBA5 /* CustomVideoPlayerView.swift in Sources */,
				8445ACFC26583FAF0029BBA5 /* CustomProgressBar.swift in Sources */,
				8445ACF3265811800029BBA5 /* VideoPlayerControlsView.swift in Sources */,
				8443F733265725BC00F5569E /* CoverListView.swift in Sources */,
				8447DA4E26542F62004E7B41 /* TvShowDetailsView.swift in Sources */,
				8447DA70265446D7004E7B41 /* MainView.swift in Sources */,
				8447DA6C26543FD3004E7B41 /* TextView.swift in Sources */,
				842C0E8B264AE72D00BC1890 /* SceneDelegate.swift in Sources */,
				8443F742265725E500F5569E /* VideoListItemView.swift in Sources */,
				8443F72A2656BF4400F5569E /* ContentView.swift in Sources */,
				8443F73F265725DD00F5569E /* MapAnnotationView.swift in Sources */,
				8447DA5D265435F4004E7B41 /* SettingsLabelView.swift in Sources */,
				8443F73C265725D500F5569E /* VideoPlayerView.swift in Sources */,
				8443F739265725CD00F5569E /* LocationModel.swift in Sources */,
				84406142264F0D960002366B /* UIScreen+Extension.swift in Sources */,
				8443F72D265725AA00F5569E /* MapView.swift in Sources */,
				8447DA59265433EF004E7B41 /* SettingsView.swift in Sources */,
			);
			runOnlyForDeploymentPostprocessing = 0;
		};
/* End PBXSourcesBuildPhase section */

/* Begin PBXVariantGroup section */
		842C0E93264AE73000BC1890 /* LaunchScreen.storyboard */ = {
			isa = PBXVariantGroup;
			children = (
				842C0E94264AE73000BC1890 /* Base */,
			);
			name = LaunchScreen.storyboard;
			sourceTree = "<group>";
		};
/* End PBXVariantGroup section */

/* Begin XCBuildConfiguration section */
		842C0E97264AE73000BC1890 /* Debug */ = {
			isa = XCBuildConfiguration;
			buildSettings = {
				ALWAYS_SEARCH_USER_PATHS = NO;
				CLANG_ANALYZER_NONNULL = YES;
				CLANG_ANALYZER_NUMBER_OBJECT_CONVERSION = YES_AGGRESSIVE;
				CLANG_CXX_LANGUAGE_STANDARD = "gnu++14";
				CLANG_CXX_LIBRARY = "libc++";
				CLANG_ENABLE_MODULES = YES;
				CLANG_ENABLE_OBJC_ARC = YES;
				CLANG_ENABLE_OBJC_WEAK = YES;
				CLANG_WARN_BLOCK_CAPTURE_AUTORELEASING = YES;
				CLANG_WARN_BOOL_CONVERSION = YES;
				CLANG_WARN_COMMA = YES;
				CLANG_WARN_CONSTANT_CONVERSION = YES;
				CLANG_WARN_DEPRECATED_OBJC_IMPLEMENTATIONS = YES;
				CLANG_WARN_DIRECT_OBJC_ISA_USAGE = YES_ERROR;
				CLANG_WARN_DOCUMENTATION_COMMENTS = YES;
				CLANG_WARN_EMPTY_BODY = YES;
				CLANG_WARN_ENUM_CONVERSION = YES;
				CLANG_WARN_INFINITE_RECURSION = YES;
				CLANG_WARN_INT_CONVERSION = YES;
				CLANG_WARN_NON_LITERAL_NULL_CONVERSION = YES;
				CLANG_WARN_OBJC_IMPLICIT_RETAIN_SELF = YES;
				CLANG_WARN_OBJC_LITERAL_CONVERSION = YES;
				CLANG_WARN_OBJC_ROOT_CLASS = YES_ERROR;
				CLANG_WARN_QUOTED_INCLUDE_IN_FRAMEWORK_HEADER = YES;
				CLANG_WARN_RANGE_LOOP_ANALYSIS = YES;
				CLANG_WARN_STRICT_PROTOTYPES = YES;
				CLANG_WARN_SUSPICIOUS_MOVE = YES;
				CLANG_WARN_UNGUARDED_AVAILABILITY = YES_AGGRESSIVE;
				CLANG_WARN_UNREACHABLE_CODE = YES;
				CLANG_WARN__DUPLICATE_METHOD_MATCH = YES;
				COPY_PHASE_STRIP = NO;
				DEBUG_INFORMATION_FORMAT = dwarf;
				ENABLE_STRICT_OBJC_MSGSEND = YES;
				ENABLE_TESTABILITY = YES;
				GCC_C_LANGUAGE_STANDARD = gnu11;
				GCC_DYNAMIC_NO_PIC = NO;
				GCC_NO_COMMON_BLOCKS = YES;
				GCC_OPTIMIZATION_LEVEL = 0;
				GCC_PREPROCESSOR_DEFINITIONS = (
					"DEBUG=1",
					"$(inherited)",
				);
				GCC_WARN_64_TO_32_BIT_CONVERSION = YES;
				GCC_WARN_ABOUT_RETURN_TYPE = YES_ERROR;
				GCC_WARN_UNDECLARED_SELECTOR = YES;
				GCC_WARN_UNINITIALIZED_AUTOS = YES_AGGRESSIVE;
				GCC_WARN_UNUSED_FUNCTION = YES;
				GCC_WARN_UNUSED_VARIABLE = YES;
				IPHONEOS_DEPLOYMENT_TARGET = 14.4;
				MTL_ENABLE_DEBUG_INFO = INCLUDE_SOURCE;
				MTL_FAST_MATH = YES;
				ONLY_ACTIVE_ARCH = YES;
				SDKROOT = iphoneos;
				SWIFT_ACTIVE_COMPILATION_CONDITIONS = DEBUG;
				SWIFT_OPTIMIZATION_LEVEL = "-Onone";
			};
			name = Debug;
		};
		842C0E98264AE73000BC1890 /* Release */ = {
			isa = XCBuildConfiguration;
			buildSettings = {
				ALWAYS_SEARCH_USER_PATHS = NO;
				CLANG_ANALYZER_NONNULL = YES;
				CLANG_ANALYZER_NUMBER_OBJECT_CONVERSION = YES_AGGRESSIVE;
				CLANG_CXX_LANGUAGE_STANDARD = "gnu++14";
				CLANG_CXX_LIBRARY = "libc++";
				CLANG_ENABLE_MODULES = YES;
				CLANG_ENABLE_OBJC_ARC = YES;
				CLANG_ENABLE_OBJC_WEAK = YES;
				CLANG_WARN_BLOCK_CAPTURE_AUTORELEASING = YES;
				CLANG_WARN_BOOL_CONVERSION = YES;
				CLANG_WARN_COMMA = YES;
				CLANG_WARN_CONSTANT_CONVERSION = YES;
				CLANG_WARN_DEPRECATED_OBJC_IMPLEMENTATIONS = YES;
				CLANG_WARN_DIRECT_OBJC_ISA_USAGE = YES_ERROR;
				CLANG_WARN_DOCUMENTATION_COMMENTS = YES;
				CLANG_WARN_EMPTY_BODY = YES;
				CLANG_WARN_ENUM_CONVERSION = YES;
				CLANG_WARN_INFINITE_RECURSION = YES;
				CLANG_WARN_INT_CONVERSION = YES;
				CLANG_WARN_NON_LITERAL_NULL_CONVERSION = YES;
				CLANG_WARN_OBJC_IMPLICIT_RETAIN_SELF = YES;
				CLANG_WARN_OBJC_LITERAL_CONVERSION = YES;
				CLANG_WARN_OBJC_ROOT_CLASS = YES_ERROR;
				CLANG_WARN_QUOTED_INCLUDE_IN_FRAMEWORK_HEADER = YES;
				CLANG_WARN_RANGE_LOOP_ANALYSIS = YES;
				CLANG_WARN_STRICT_PROTOTYPES = YES;
				CLANG_WARN_SUSPICIOUS_MOVE = YES;
				CLANG_WARN_UNGUARDED_AVAILABILITY = YES_AGGRESSIVE;
				CLANG_WARN_UNREACHABLE_CODE = YES;
				CLANG_WARN__DUPLICATE_METHOD_MATCH = YES;
				COPY_PHASE_STRIP = NO;
				DEBUG_INFORMATION_FORMAT = "dwarf-with-dsym";
				ENABLE_NS_ASSERTIONS = NO;
				ENABLE_STRICT_OBJC_MSGSEND = YES;
				GCC_C_LANGUAGE_STANDARD = gnu11;
				GCC_NO_COMMON_BLOCKS = YES;
				GCC_WARN_64_TO_32_BIT_CONVERSION = YES;
				GCC_WARN_ABOUT_RETURN_TYPE = YES_ERROR;
				GCC_WARN_UNDECLARED_SELECTOR = YES;
				GCC_WARN_UNINITIALIZED_AUTOS = YES_AGGRESSIVE;
				GCC_WARN_UNUSED_FUNCTION = YES;
				GCC_WARN_UNUSED_VARIABLE = YES;
				IPHONEOS_DEPLOYMENT_TARGET = 14.4;
				MTL_ENABLE_DEBUG_INFO = NO;
				MTL_FAST_MATH = YES;
				SDKROOT = iphoneos;
				SWIFT_COMPILATION_MODE = wholemodule;
				SWIFT_OPTIMIZATION_LEVEL = "-O";
				VALIDATE_PRODUCT = YES;
			};
			name = Release;
		};
		842C0E9A264AE73000BC1890 /* Debug */ = {
			isa = XCBuildConfiguration;
			buildSettings = {
				ASSETCATALOG_COMPILER_APPICON_NAME = AppIcon;
				ASSETCATALOG_COMPILER_GLOBAL_ACCENT_COLOR_NAME = AccentColor;
				CODE_SIGN_STYLE = Automatic;
				DEVELOPMENT_ASSET_PATHS = "\"SwiftUIApp/Preview Content\"";
				ENABLE_PREVIEWS = YES;
				INFOPLIST_FILE = SwiftUIApp/Info.plist;
				IPHONEOS_DEPLOYMENT_TARGET = 14.1;
				LD_RUNPATH_SEARCH_PATHS = (
					"$(inherited)",
					"@executable_path/Frameworks",
				);
				PRODUCT_BUNDLE_IDENTIFIER = DemoApp.SwiftUIApp;
				PRODUCT_NAME = "$(TARGET_NAME)";
				SWIFT_VERSION = 5.0;
				TARGETED_DEVICE_FAMILY = "1,2";
			};
			name = Debug;
		};
		842C0E9B264AE73000BC1890 /* Release */ = {
			isa = XCBuildConfiguration;
			buildSettings = {
				ASSETCATALOG_COMPILER_APPICON_NAME = AppIcon;
				ASSETCATALOG_COMPILER_GLOBAL_ACCENT_COLOR_NAME = AccentColor;
				CODE_SIGN_STYLE = Automatic;
				DEVELOPMENT_ASSET_PATHS = "\"SwiftUIApp/Preview Content\"";
				ENABLE_PREVIEWS = YES;
				INFOPLIST_FILE = SwiftUIApp/Info.plist;
				IPHONEOS_DEPLOYMENT_TARGET = 14.1;
				LD_RUNPATH_SEARCH_PATHS = (
					"$(inherited)",
					"@executable_path/Frameworks",
				);
				PRODUCT_BUNDLE_IDENTIFIER = DemoApp.SwiftUIApp;
				PRODUCT_NAME = "$(TARGET_NAME)";
				SWIFT_VERSION = 5.0;
				TARGETED_DEVICE_FAMILY = "1,2";
			};
			name = Release;
		};
/* End XCBuildConfiguration section */

/* Begin XCConfigurationList section */
		842C0E80264AE72D00BC1890 /* Build configuration list for PBXProject "SwiftUIApp" */ = {
			isa = XCConfigurationList;
			buildConfigurations = (
				842C0E97264AE73000BC1890 /* Debug */,
				842C0E98264AE73000BC1890 /* Release */,
			);
			defaultConfigurationIsVisible = 0;
			defaultConfigurationName = Release;
		};
		842C0E99264AE73000BC1890 /* Build configuration list for PBXNativeTarget "SwiftUIApp" */ = {
			isa = XCConfigurationList;
			buildConfigurations = (
				842C0E9A264AE73000BC1890 /* Debug */,
				842C0E9B264AE73000BC1890 /* Release */,
			);
			defaultConfigurationIsVisible = 0;
			defaultConfigurationName = Release;
		};
/* End XCConfigurationList section */
	};
	rootObject = 842C0E7D264AE72D00BC1890 /* Project object */;
}
